<?xml version="1.0" encoding="utf-8"?>
<Project ToolsVersion="4.0" xmlns="http://schemas.microsoft.com/developer/msbuild/2003">
  <ItemGroup>
    <ClInclude Include="headers\Referee.h">
      <Filter>Header Files</Filter>
    </ClInclude>
    <ClInclude Include="headers\Tsetlin.h">
      <Filter>Header Files</Filter>
    </ClInclude>
  </ItemGroup>
  <ItemGroup>
    <ClCompile Include="src\Tsetlin.cpp">
      <Filter>Source Files</Filter>
    </ClCompile>
    <ClCompile Include="src\Referee.cpp">
      <Filter>Source Files</Filter>
    </ClCompile>
    <ClCompile Include="src\main.cpp">
      <Filter>Source Files</Filter>
    </ClCompile>
  </ItemGroup>
  <ItemGroup>
    <Filter Include="Source Files">
      <UniqueIdentifier>{0da83b1c-26cd-4105-a0fd-6bd0a63a35d9}</UniqueIdentifier>
    </Filter>
    <Filter Include="Header Files">
      <UniqueIdentifier>{efd92ca4-6b7e-4a1f-b328-d90c10e89f2f}</UniqueIdentifier>
    </Filter>
  </ItemGroup>
</Project>