
Microsoft Visual Studio Solution File, Format Version 11.00
# Visual Studio 2010
Project("{8BC9CEB8-8B4A-11D0-8D11-00A0C91BC942}") = "IKT590_SAT_Multilevel_Tabu_Search", "IKT590_SAT_Multilevel_Tabu_Search.vcxproj", "{E39044C2-35DD-4B07-81B0-A739498358EE}"
EndProject
Global
	GlobalSection(SolutionConfigurationPlatforms) = preSolution
		Debug|Win32 = Debug|Win32
		Release|Win32 = Release|Win32
	EndGlobalSection
	GlobalSection(ProjectConfigurationPlatforms) = postSolution
		{E39044C2-35DD-4B07-81B0-A739498358EE}.Debug|Win32.ActiveCfg = Debug|Win32
		{E39044C2-35DD-4B07-81B0-A739498358EE}.Debug|Win32.Build.0 = Debug|Win32
		{E39044C2-35DD-4B07-81B0-A739498358EE}.Release|Win32.ActiveCfg = Release|Win32
		{E39044C2-35DD-4B07-81B0-A739498358EE}.Release|Win32.Build.0 = Release|Win32
	EndGlobalSection
	GlobalSection(SolutionProperties) = preSolution
		HideSolutionNode = FALSE
	EndGlobalSection
EndGlobal
