
Microsoft Visual Studio Solution File, Format Version 11.00
# Visual Studio 2010
Project("{8BC9CEB8-8B4A-11D0-8D11-00A0C91BC942}") = "IKT590_SAT_Learning_Automata", "IKT590_SAT_Learning_Automata.vcxproj", "{0805B48F-9F3B-4C25-9E72-89F7033CABFC}"
EndProject
Global
	GlobalSection(SolutionConfigurationPlatforms) = preSolution
		Debug|Win32 = Debug|Win32
		Release|Win32 = Release|Win32
	EndGlobalSection
	GlobalSection(ProjectConfigurationPlatforms) = postSolution
		{0805B48F-9F3B-4C25-9E72-89F7033CABFC}.Debug|Win32.ActiveCfg = Debug|Win32
		{0805B48F-9F3B-4C25-9E72-89F7033CABFC}.Debug|Win32.Build.0 = Debug|Win32
		{0805B48F-9F3B-4C25-9E72-89F7033CABFC}.Release|Win32.ActiveCfg = Release|Win32
		{0805B48F-9F3B-4C25-9E72-89F7033CABFC}.Release|Win32.Build.0 = Release|Win32
	EndGlobalSection
	GlobalSection(SolutionProperties) = preSolution
		HideSolutionNode = FALSE
	EndGlobalSection
EndGlobal
