
Microsoft Visual Studio Solution File, Format Version 11.00
# Visual Studio 2010
Project("{8BC9CEB8-8B4A-11D0-8D11-00A0C91BC942}") = "IKT590_SAT_Multilevel_Learning_Automata", "IKT590_SAT_Multilevel_Learning_Automata.vcxproj", "{448F9EFD-4551-4FD8-81CB-FDC7C6DEAE86}"
EndProject
Global
	GlobalSection(SolutionConfigurationPlatforms) = preSolution
		Debug|Win32 = Debug|Win32
		Release|Win32 = Release|Win32
	EndGlobalSection
	GlobalSection(ProjectConfigurationPlatforms) = postSolution
		{448F9EFD-4551-4FD8-81CB-FDC7C6DEAE86}.Debug|Win32.ActiveCfg = Debug|Win32
		{448F9EFD-4551-4FD8-81CB-FDC7C6DEAE86}.Debug|Win32.Build.0 = Debug|Win32
		{448F9EFD-4551-4FD8-81CB-FDC7C6DEAE86}.Release|Win32.ActiveCfg = Release|Win32
		{448F9EFD-4551-4FD8-81CB-FDC7C6DEAE86}.Release|Win32.Build.0 = Release|Win32
	EndGlobalSection
	GlobalSection(SolutionProperties) = preSolution
		HideSolutionNode = FALSE
	EndGlobalSection
EndGlobal
