
Microsoft Visual Studio Solution File, Format Version 11.00
# Visual Studio 2010
Project("{8BC9CEB8-8B4A-11D0-8D11-00A0C91BC942}") = "IKT590_SAT_Tabu_Search", "IKT590_SAT_Tabu_Search.vcxproj", "{20C31453-B16A-4CE6-8B2B-A1F33FA188EB}"
EndProject
Global
	GlobalSection(SolutionConfigurationPlatforms) = preSolution
		Debug|Win32 = Debug|Win32
		Release|Win32 = Release|Win32
	EndGlobalSection
	GlobalSection(ProjectConfigurationPlatforms) = postSolution
		{20C31453-B16A-4CE6-8B2B-A1F33FA188EB}.Debug|Win32.ActiveCfg = Debug|Win32
		{20C31453-B16A-4CE6-8B2B-A1F33FA188EB}.Debug|Win32.Build.0 = Debug|Win32
		{20C31453-B16A-4CE6-8B2B-A1F33FA188EB}.Release|Win32.ActiveCfg = Release|Win32
		{20C31453-B16A-4CE6-8B2B-A1F33FA188EB}.Release|Win32.Build.0 = Release|Win32
	EndGlobalSection
	GlobalSection(SolutionProperties) = preSolution
		HideSolutionNode = FALSE
	EndGlobalSection
EndGlobal
